
Microsoft Visual Studio Solution File, Format Version 12.00
Project("{FAE04EC0-301F-11D3-BF4B-00C04F79EFBC}") = "Jx.Toolbox", "Jx.Toolbox\Jx.Toolbox.csproj", "{7FC8E370-84F5-4806-9326-237331DCB103}"
EndProject
Project("{FAE04EC0-301F-11D3-BF4B-00C04F79EFBC}") = "Jx.Toolbox.Test", "Jx.Toolbox.Test\Jx.Toolbox.Test.csproj", "{22C99815-A033-4099-B12F-230B8DD04447}"
EndProject
Project("{FAE04EC0-301F-11D3-BF4B-00C04F79EFBC}") = "Jx.Toolbox.HtmlTools", "Jx.Toolbox.HtmlTools\Jx.Toolbox.HtmlTools.csproj", "{B0802A70-3E75-422B-91BC-6BC8719726AE}"
EndProject
Project("{FAE04EC0-301F-11D3-BF4B-00C04F79EFBC}") = "Jx.Toolbox.Mvc", "Jx.Toolbox.Mvc\Jx.Toolbox.Mvc.csproj", "{525C965F-C129-4835-AF93-F39BB0B4FAF5}"
EndProject
Global
	GlobalSection(SolutionConfigurationPlatforms) = preSolution
		Debug|Any CPU = Debug|Any CPU
		Release|Any CPU = Release|Any CPU
	EndGlobalSection
	GlobalSection(ProjectConfigurationPlatforms) = postSolution
		{7FC8E370-84F5-4806-9326-237331DCB103}.Debug|Any CPU.ActiveCfg = Debug|Any CPU
		{7FC8E370-84F5-4806-9326-237331DCB103}.Debug|Any CPU.Build.0 = Debug|Any CPU
		{7FC8E370-84F5-4806-9326-237331DCB103}.Release|Any CPU.ActiveCfg = Release|Any CPU
		{7FC8E370-84F5-4806-9326-237331DCB103}.Release|Any CPU.Build.0 = Release|Any CPU
		{22C99815-A033-4099-B12F-230B8DD04447}.Debug|Any CPU.ActiveCfg = Debug|Any CPU
		{22C99815-A033-4099-B12F-230B8DD04447}.Debug|Any CPU.Build.0 = Debug|Any CPU
		{22C99815-A033-4099-B12F-230B8DD04447}.Release|Any CPU.ActiveCfg = Release|Any CPU
		{22C99815-A033-4099-B12F-230B8DD04447}.Release|Any CPU.Build.0 = Release|Any CPU
		{B0802A70-3E75-422B-91BC-6BC8719726AE}.Debug|Any CPU.ActiveCfg = Debug|Any CPU
		{B0802A70-3E75-422B-91BC-6BC8719726AE}.Debug|Any CPU.Build.0 = Debug|Any CPU
		{B0802A70-3E75-422B-91BC-6BC8719726AE}.Release|Any CPU.ActiveCfg = Release|Any CPU
		{B0802A70-3E75-422B-91BC-6BC8719726AE}.Release|Any CPU.Build.0 = Release|Any CPU
		{525C965F-C129-4835-AF93-F39BB0B4FAF5}.Debug|Any CPU.ActiveCfg = Debug|Any CPU
		{525C965F-C129-4835-AF93-F39BB0B4FAF5}.Debug|Any CPU.Build.0 = Debug|Any CPU
		{525C965F-C129-4835-AF93-F39BB0B4FAF5}.Release|Any CPU.ActiveCfg = Release|Any CPU
		{525C965F-C129-4835-AF93-F39BB0B4FAF5}.Release|Any CPU.Build.0 = Release|Any CPU
	EndGlobalSection
EndGlobal
